Microsoft Visual Studio Solution File, Format Version 12.00
# Visual Studio Version 17
VisualStudioVersion = 17.5.2.0
MinimumVisualStudioVersion = 10.0.40219.1
Project("{FAE04EC0-301F-11D3-BF4B-00C04F79EFBC}") = "CsharpOOP", "ContaBancaria\CsharpOOP.csproj", "{67E915E7-165E-106E-0CFD-4D4057B81285}"
EndProject
Global
	GlobalSection(SolutionConfigurationPlatforms) = preSolution
		Debug|Any CPU = Debug|Any CPU
		Release|Any CPU = Release|Any CPU
	EndGlobalSection
	GlobalSection(ProjectConfigurationPlatforms) = postSolution
		{67E915E7-165E-106E-0CFD-4D4057B81285}.Debug|Any CPU.ActiveCfg = Debug|Any CPU
		{67E915E7-165E-106E-0CFD-4D4057B81285}.Debug|Any CPU.Build.0 = Debug|Any CPU
		{67E915E7-165E-106E-0CFD-4D4057B81285}.Release|Any CPU.ActiveCfg = Release|Any CPU
		{67E915E7-165E-106E-0CFD-4D4057B81285}.Release|Any CPU.Build.0 = Release|Any CPU
	EndGlobalSection
	GlobalSection(SolutionProperties) = preSolution
		HideSolutionNode = FALSE
	EndGlobalSection
	GlobalSection(ExtensibilityGlobals) = postSolution
		SolutionGuid = {12027880-0772-44FB-A071-AB72BC75D1E4}
	EndGlobalSection
EndGlobal
